
Microsoft Visual Studio Solution File, Format Version 12.00
# Visual Studio 14
VisualStudioVersion = 14.0.25420.1
MinimumVisualStudioVersion = 10.0.40219.1
Project("{FAE04EC0-301F-11D3-BF4B-00C04F79EFBC}") = "CakeBuildDemo", "CakeBuildDemo\CakeBuildDemo.csproj", "{C822DB4E-4767-4679-91E8-CA3E9EB0D712}"
EndProject
Project("{2150E333-8FDC-42A3-9474-1A3956D46DE8}") = "Solution Items", "Solution Items", "{865094FF-3A6B-4430-9436-9CB7882CFF5C}"
	ProjectSection(SolutionItems) = preProject
		build.cake = build.cake
		build.ps1 = build.ps1
	EndProjectSection
EndProject
Project("{FAE04EC0-301F-11D3-BF4B-00C04F79EFBC}") = "CakeBuildDemo.Tests", "CakeBuildDemo.Tests\CakeBuildDemo.Tests.csproj", "{95963092-1251-4F0C-AFE5-5881843A96AB}"
EndProject
Global
	GlobalSection(SolutionConfigurationPlatforms) = preSolution
		Debug|Any CPU = Debug|Any CPU
		Release|Any CPU = Release|Any CPU
	EndGlobalSection
	GlobalSection(ProjectConfigurationPlatforms) = postSolution
		{C822DB4E-4767-4679-91E8-CA3E9EB0D712}.Debug|Any CPU.ActiveCfg = Debug|Any CPU
		{C822DB4E-4767-4679-91E8-CA3E9EB0D712}.Debug|Any CPU.Build.0 = Debug|Any CPU
		{C822DB4E-4767-4679-91E8-CA3E9EB0D712}.Release|Any CPU.ActiveCfg = Release|Any CPU
		{C822DB4E-4767-4679-91E8-CA3E9EB0D712}.Release|Any CPU.Build.0 = Release|Any CPU
		{95963092-1251-4F0C-AFE5-5881843A96AB}.Debug|Any CPU.ActiveCfg = Debug|Any CPU
		{95963092-1251-4F0C-AFE5-5881843A96AB}.Debug|Any CPU.Build.0 = Debug|Any CPU
		{95963092-1251-4F0C-AFE5-5881843A96AB}.Release|Any CPU.ActiveCfg = Release|Any CPU
		{95963092-1251-4F0C-AFE5-5881843A96AB}.Release|Any CPU.Build.0 = Release|Any CPU
	EndGlobalSection
	GlobalSection(SolutionProperties) = preSolution
		HideSolutionNode = FALSE
	EndGlobalSection
EndGlobal
